
Microsoft Visual Studio Solution File, Format Version 12.00
# Visual Studio Version 17
VisualStudioVersion = 17.6.33829.357
MinimumVisualStudioVersion = 10.0.40219.1
Project("{FAE04EC0-301F-11D3-BF4B-00C04F79EFBC}") = "WordsmithWarehouse", "WordsmithWarehouse\WordsmithWarehouse.csproj", "{720D5F3A-F188-4729-9803-649C9AA6A852}"
EndProject
Project("{FAE04EC0-301F-11D3-BF4B-00C04F79EFBC}") = "ClassLibrary", "ClassLibrary\ClassLibrary.csproj", "{1FCC5A86-8FFB-46EE-959F-A5D0B75A75D3}"
EndProject
Global
	GlobalSection(SolutionConfigurationPlatforms) = preSolution
		Debug|Any CPU = Debug|Any CPU
		Release|Any CPU = Release|Any CPU
	EndGlobalSection
	GlobalSection(ProjectConfigurationPlatforms) = postSolution
		{720D5F3A-F188-4729-9803-649C9AA6A852}.Debug|Any CPU.ActiveCfg = Debug|Any CPU
		{720D5F3A-F188-4729-9803-649C9AA6A852}.Debug|Any CPU.Build.0 = Debug|Any CPU
		{720D5F3A-F188-4729-9803-649C9AA6A852}.Release|Any CPU.ActiveCfg = Release|Any CPU
		{720D5F3A-F188-4729-9803-649C9AA6A852}.Release|Any CPU.Build.0 = Release|Any CPU
		{1FCC5A86-8FFB-46EE-959F-A5D0B75A75D3}.Debug|Any CPU.ActiveCfg = Debug|Any CPU
		{1FCC5A86-8FFB-46EE-959F-A5D0B75A75D3}.Debug|Any CPU.Build.0 = Debug|Any CPU
		{1FCC5A86-8FFB-46EE-959F-A5D0B75A75D3}.Release|Any CPU.ActiveCfg = Release|Any CPU
		{1FCC5A86-8FFB-46EE-959F-A5D0B75A75D3}.Release|Any CPU.Build.0 = Release|Any CPU
	EndGlobalSection
	GlobalSection(SolutionProperties) = preSolution
		HideSolutionNode = FALSE
	EndGlobalSection
	GlobalSection(ExtensibilityGlobals) = postSolution
		SolutionGuid = {0D6283FB-3A61-470C-B194-5D0E1D810EF7}
	EndGlobalSection
EndGlobal
